
Microsoft Visual Studio Solution File, Format Version 11.00
# Visual Studio 2010
Project("{FAE04EC0-301F-11D3-BF4B-00C04F79EFBC}") = "ShapeFactory", "ShapeFactory\ShapeFactory.csproj", "{37F07353-ACC9-4DB0-8AB6-F6C6860E5E09}"
EndProject
Global
	GlobalSection(SolutionConfigurationPlatforms) = preSolution
		Debug|x86 = Debug|x86
		Release|x86 = Release|x86
	EndGlobalSection
	GlobalSection(ProjectConfigurationPlatforms) = postSolution
		{37F07353-ACC9-4DB0-8AB6-F6C6860E5E09}.Debug|x86.ActiveCfg = Debug|x86
		{37F07353-ACC9-4DB0-8AB6-F6C6860E5E09}.Debug|x86.Build.0 = Debug|x86
		{37F07353-ACC9-4DB0-8AB6-F6C6860E5E09}.Release|x86.ActiveCfg = Release|x86
		{37F07353-ACC9-4DB0-8AB6-F6C6860E5E09}.Release|x86.Build.0 = Release|x86
	EndGlobalSection
	GlobalSection(SolutionProperties) = preSolution
		HideSolutionNode = FALSE
	EndGlobalSection
EndGlobal
