
Microsoft Visual Studio Solution File, Format Version 11.00
# Visual Studio 2010
Project("{FAE04EC0-301F-11D3-BF4B-00C04F79EFBC}") = "IteratorSample", "IteratorSample\IteratorSample.csproj", "{A95E3A78-9841-499A-8DF8-381B1F812A40}"
EndProject
Global
	GlobalSection(SolutionConfigurationPlatforms) = preSolution
		Debug|x86 = Debug|x86
		Release|x86 = Release|x86
	EndGlobalSection
	GlobalSection(ProjectConfigurationPlatforms) = postSolution
		{A95E3A78-9841-499A-8DF8-381B1F812A40}.Debug|x86.ActiveCfg = Debug|x86
		{A95E3A78-9841-499A-8DF8-381B1F812A40}.Debug|x86.Build.0 = Debug|x86
		{A95E3A78-9841-499A-8DF8-381B1F812A40}.Release|x86.ActiveCfg = Release|x86
		{A95E3A78-9841-499A-8DF8-381B1F812A40}.Release|x86.Build.0 = Release|x86
	EndGlobalSection
	GlobalSection(SolutionProperties) = preSolution
		HideSolutionNode = FALSE
	EndGlobalSection
EndGlobal
